
Microsoft Visual Studio Solution File, Format Version 12.00
# Visual Studio Version 16
VisualStudioVersion = 16.0.31005.135
MinimumVisualStudioVersion = 10.0.40219.1
Project("{9A19103F-16F7-4668-BE54-9A1E7A4F7556}") = "ReadersAndBooks", "ReadersAndBooks\ReadersAndBooks.csproj", "{215CC6AB-6514-43A0-9955-AEF4A94E9CFC}"
EndProject
Global
	GlobalSection(SolutionConfigurationPlatforms) = preSolution
		Debug|Any CPU = Debug|Any CPU
		Release|Any CPU = Release|Any CPU
	EndGlobalSection
	GlobalSection(ProjectConfigurationPlatforms) = postSolution
		{215CC6AB-6514-43A0-9955-AEF4A94E9CFC}.Debug|Any CPU.ActiveCfg = Debug|Any CPU
		{215CC6AB-6514-43A0-9955-AEF4A94E9CFC}.Debug|Any CPU.Build.0 = Debug|Any CPU
		{215CC6AB-6514-43A0-9955-AEF4A94E9CFC}.Release|Any CPU.ActiveCfg = Release|Any CPU
		{215CC6AB-6514-43A0-9955-AEF4A94E9CFC}.Release|Any CPU.Build.0 = Release|Any CPU
	EndGlobalSection
	GlobalSection(SolutionProperties) = preSolution
		HideSolutionNode = FALSE
	EndGlobalSection
	GlobalSection(ExtensibilityGlobals) = postSolution
		SolutionGuid = {7E976133-7F46-45E7-AF88-EE4A08B11BB7}
	EndGlobalSection
EndGlobal
